
Microsoft Visual Studio Solution File, Format Version 12.00
# Visual Studio 2012
Project("{FAE04EC0-301F-11D3-BF4B-00C04F79EFBC}") = "Sample", "Sample\Sample.csproj", "{54872130-5989-4B58-9CD9-D0311873B00E}"
EndProject
Project("{FAE04EC0-301F-11D3-BF4B-00C04F79EFBC}") = "DotNetXmlHttpRequest", "DotNetXmlHttpRequest\DotNetXmlHttpRequest.csproj", "{4A4B6CE1-49CA-4CA4-8830-3D9D4671214C}"
EndProject
Global
	GlobalSection(SolutionConfigurationPlatforms) = preSolution
		Debug|Any CPU = Debug|Any CPU
		Release|Any CPU = Release|Any CPU
	EndGlobalSection
	GlobalSection(ProjectConfigurationPlatforms) = postSolution
		{54872130-5989-4B58-9CD9-D0311873B00E}.Debug|Any CPU.ActiveCfg = Debug|Any CPU
		{54872130-5989-4B58-9CD9-D0311873B00E}.Debug|Any CPU.Build.0 = Debug|Any CPU
		{54872130-5989-4B58-9CD9-D0311873B00E}.Release|Any CPU.ActiveCfg = Release|Any CPU
		{54872130-5989-4B58-9CD9-D0311873B00E}.Release|Any CPU.Build.0 = Release|Any CPU
		{4A4B6CE1-49CA-4CA4-8830-3D9D4671214C}.Debug|Any CPU.ActiveCfg = Debug|Any CPU
		{4A4B6CE1-49CA-4CA4-8830-3D9D4671214C}.Debug|Any CPU.Build.0 = Debug|Any CPU
		{4A4B6CE1-49CA-4CA4-8830-3D9D4671214C}.Release|Any CPU.ActiveCfg = Release|Any CPU
		{4A4B6CE1-49CA-4CA4-8830-3D9D4671214C}.Release|Any CPU.Build.0 = Release|Any CPU
	EndGlobalSection
	GlobalSection(SolutionProperties) = preSolution
		HideSolutionNode = FALSE
	EndGlobalSection
EndGlobal
